// !$*UTF8*$!
{
	archiveVersion = 1;
	classes = {
	};
	objectVersion = 46;
	objects = {

/* Begin PBXBuildFile section */
		4BE17CD41EA2682300687541 /* AppDelegate.swift in Sources */ = {isa = PBXBuildFile; fileRef = 4BE17CD31EA2682300687541 /* AppDelegate.swift */; };
		4BE17CD61EA2682300687541 /* ViewController.swift in Sources */ = {isa = PBXBuildFile; fileRef = 4BE17CD51EA2682300687541 /* ViewController.swift */; };
		4BE17CD91EA2682300687541 /* Main.storyboard in Resources */ = {isa = PBXBuildFile; fileRef = 4BE17CD71EA2682300687541 /* Main.storyboard */; };
		4BE17CDB1EA2682300687541 /* Assets.xcassets in Resources */ = {isa = PBXBuildFile; fileRef = 4BE17CDA1EA2682300687541 /* Assets.xcassets */; };
		4BE17CDE1EA2682300687541 /* LaunchScreen.storyboard in Resources */ = {isa = PBXBuildFile; fileRef = 4BE17CDC1EA2682300687541 /* LaunchScreen.storyboard */; };
		4BE17CE61EA2688900687541 /* logo.png in Resources */ = {isa = PBXBuildFile; fileRef = 4BE17CE51EA2688900687541 /* logo.png */; };
/* End PBXBuildFile section */

/* Begin PBXFileReference section */
		4BE17CD01EA2682300687541 /* GasolinaouAlcool.app */ = {isa = PBXFileReference; explicitFileType = wrapper.application; includeInIndex = 0; path = GasolinaouAlcool.app; sourceTree = BUILT_PRODUCTS_DIR; };
		4BE17CD31EA2682300687541 /* AppDelegate.swift */ = {isa = PBXFileReference; lastKnownFileType = sourcecode.swift; path = AppDelegate.swift; sourceTree = "<group>"; };
		4BE17CD51EA2682300687541 /* ViewController.swift */ = {isa = PBXFileReference; lastKnownFileType = sourcecode.swift; path = ViewController.swift; sourceTree = "<group>"; };
		4BE17CD81EA2682300687541 /* Base */ = {isa = PBXFileReference; lastKnownFileType = file.storyboard; name = Base; path = Base.lproj/Main.storyboard; sourceTree = "<group>"; };
		4BE17CDA1EA2682300687541 /* Assets.xcassets */ = {isa = PBXFileReference; lastKnownFileType = folder.assetcatalog; path = Assets.xcassets; sourceTree = "<group>"; };
		4BE17CDD1EA2682300687541 /* Base */ = {isa = PBXFileReference; lastKnownFileType = file.storyboard; name = Base; path = Base.lproj/LaunchScreen.storyboard; sourceTree = "<group>"; };
		4BE17CDF1EA2682300687541 /* Info.plist */ = {isa = PBXFileReference; lastKnownFileType = text.plist.xml; path = Info.plist; sourceTree = "<group>"; };
		4BE17CE51EA2688900687541 /* logo.png */ = {isa = PBXFileReference; lastKnownFileType = image.png; name = logo.png; path = "../../../../Downloads/imagens-app-gasolina-ou-alcool/logo.png"; sourceTree = "<group>"; };
/* End PBXFileReference section */

/* Begin PBXFrameworksBuildPhase section */
		4BE17CCD1EA2682300687541 /* Frameworks */ = {
			isa = PBXFrameworksBuildPhase;
			buildActionMask = 2147483647;
			files = (
			);
			runOnlyForDeploymentPostprocessing = 0;
		};
/* End PBXFrameworksBuildPhase section */

/* Begin PBXGroup section */
		4BE17CC71EA2682200687541 = {
			isa = PBXGroup;
			children = (
				4BE17CD21EA2682300687541 /* GasolinaouAlcool */,
				4BE17CD11EA2682300687541 /* Products */,
			);
			sourceTree = "<group>";
		};
		4BE17CD11EA2682300687541 /* Products */ = {
			isa = PBXGroup;
			children = (
				4BE17CD01EA2682300687541 /* GasolinaouAlcool.app */,
			);
			name = Products;
			sourceTree = "<group>";
		};
		4BE17CD21EA2682300687541 /* GasolinaouAlcool */ = {
			isa = PBXGroup;
			children = (
				4BE17CE51EA2688900687541 /* logo.png */,
				4BE17CD31EA2682300687541 /* AppDelegate.swift */,
				4BE17CD51EA2682300687541 /* ViewController.swift */,
				4BE17CD71EA2682300687541 /* Main.storyboard */,
				4BE17CDA1EA2682300687541 /* Assets.xcassets */,
				4BE17CDC1EA2682300687541 /* LaunchScreen.storyboard */,
				4BE17CDF1EA2682300687541 /* Info.plist */,
			);
			path = GasolinaouAlcool;
			sourceTree = "<group>";
		};
/* End PBXGroup section */

/* Begin PBXNativeTarget section */
		4BE17CCF1EA2682300687541 /* GasolinaouAlcool */ = {
			isa = PBXNativeTarget;
			buildConfigurationList = 4BE17CE21EA2682300687541 /* Build configuration list for PBXNativeTarget "GasolinaouAlcool" */;
			buildPhases = (
				4BE17CCC1EA2682300687541 /* Sources */,
				4BE17CCD1EA2682300687541 /* Frameworks */,
				4BE17CCE1EA2682300687541 /* Resources */,
			);
			buildRules = (
			);
			dependencies = (
			);
			name = GasolinaouAlcool;
			productName = GasolinaouAlcool;
			productReference = 4BE17CD01EA2682300687541 /* GasolinaouAlcool.app */;
			productType = "com.apple.product-type.application";
		};
/* End PBXNativeTarget section */

/* Begin PBXProject section */
		4BE17CC81EA2682200687541 /* Project object */ = {
			isa = PBXProject;
			attributes = {
				LastSwiftUpdateCheck = 0830;
				LastUpgradeCheck = 0830;
				ORGANIZATIONNAME = "Gabriel Drumond Rocha";
				TargetAttributes = {
					4BE17CCF1EA2682300687541 = {
						CreatedOnToolsVersion = 8.3.1;
						DevelopmentTeam = UKA4MA6CTU;
						ProvisioningStyle = Automatic;
					};
				};
			};
			buildConfigurationList = 4BE17CCB1EA2682300687541 /* Build configuration list for PBXProject "GasolinaouAlcool" */;
			compatibilityVersion = "Xcode 3.2";
			developmentRegion = English;
			hasScannedForEncodings = 0;
			knownRegions = (
				en,
				Base,
			);
			mainGroup = 4BE17CC71EA2682200687541;
			productRefGroup = 4BE17CD11EA2682300687541 /* Products */;
			projectDirPath = "";
			projectRoot = "";
			targets = (
				4BE17CCF1EA2682300687541 /* GasolinaouAlcool */,
			);
		};
/* End PBXProject section */

/* Begin PBXResourcesBuildPhase section */
		4BE17CCE1EA2682300687541 /* Resources */ = {
			isa = PBXResourcesBuildPhase;
			buildActionMask = 2147483647;
			files = (
				4BE17CE61EA2688900687541 /* logo.png in Resources */,
				4BE17CDE1EA2682300687541 /* LaunchScreen.storyboard in Resources */,
				4BE17CDB1EA2682300687541 /* Assets.xcassets in Resources */,
				4BE17CD91EA2682300687541 /* Main.storyboard in Resources */,
			);
			runOnlyForDeploymentPostprocessing = 0;
		};
/* End PBXResourcesBuildPhase section */

/* Begin PBXSourcesBuildPhase section */
		4BE17CCC1EA2682300687541 /* Sources */ = {
			isa = PBXSourcesBuildPhase;
			buildActionMask = 2147483647;
			files = (
				4BE17CD61EA2682300687541 /* ViewController.swift in Sources */,
				4BE17CD41EA2682300687541 /* AppDelegate.swift in Sources */,
			);
			runOnlyForDeploymentPostprocessing = 0;
		};
/* End PBXSourcesBuildPhase section */

/* Begin PBXVariantGroup section */
		4BE17CD71EA2682300687541 /* Main.storyboard */ = {
			isa = PBXVariantGroup;
			children = (
				4BE17CD81EA2682300687541 /* Base */,
			);
			name = Main.storyboard;
			sourceTree = "<group>";
		};
		4BE17CDC1EA2682300687541 /* LaunchScreen.storyboard */ = {
			isa = PBXVariantGroup;
			children = (
				4BE17CDD1EA2682300687541 /* Base */,
			);
			name = LaunchScreen.storyboard;
			sourceTree = "<group>";
		};
/* End PBXVariantGroup section */

/* Begin XCBuildConfiguration section */
		4BE17CE01EA2682300687541 /* Debug */ = {
			isa = XCBuildConfiguration;
			buildSettings = {
				ALWAYS_SEARCH_USER_PATHS = NO;
				CLANG_ANALYZER_NONNULL = YES;
				CLANG_ANALYZER_NUMBER_OBJECT_CONVERSION = YES_AGGRESSIVE;
				CLANG_CXX_LANGUAGE_STANDARD = "gnu++0x";
				CLANG_CXX_LIBRARY = "libc++";
				CLANG_ENABLE_MODULES = YES;
				CLANG_ENABLE_OBJC_ARC = YES;
				CLANG_WARN_BOOL_CONVERSION = YES;
				CLANG_WARN_CONSTANT_CONVERSION = YES;
				CLANG_WARN_DIRECT_OBJC_ISA_USAGE = YES_ERROR;
				CLANG_WARN_DOCUMENTATION_COMMENTS = YES;
				CLANG_WARN_EMPTY_BODY = YES;
				CLANG_WARN_ENUM_CONVERSION = YES;
				CLANG_WARN_INFINITE_RECURSION = YES;
				CLANG_WARN_INT_CONVERSION = YES;
				CLANG_WARN_OBJC_ROOT_CLASS = YES_ERROR;
				CLANG_WARN_SUSPICIOUS_MOVE = YES;
				CLANG_WARN_UNREACHABLE_CODE = YES;
				CLANG_WARN__DUPLICATE_METHOD_MATCH = YES;
				"CODE_SIGN_IDENTITY[sdk=iphoneos*]" = "iPhone Developer";
				COPY_PHASE_STRIP = NO;
				DEBUG_INFORMATION_FORMAT = dwarf;
				ENABLE_STRICT_OBJC_MSGSEND = YES;
				ENABLE_TESTABILITY = YES;
				GCC_C_LANGUAGE_STANDARD = gnu99;
				GCC_DYNAMIC_NO_PIC = NO;
				GCC_NO_COMMON_BLOCKS = YES;
				GCC_OPTIMIZATION_LEVEL = 0;
				GCC_PREPROCESSOR_DEFINITIONS = (
					"DEBUG=1",
					"$(inherited)",
				);
				GCC_WARN_64_TO_32_BIT_CONVERSION = YES;
				GCC_WARN_ABOUT_RETURN_TYPE = YES_ERROR;
				GCC_WARN_UNDECLARED_SELECTOR = YES;
				GCC_WARN_UNINITIALIZED_AUTOS = YES_AGGRESSIVE;
				GCC_WARN_UNUSED_FUNCTION = YES;
				GCC_WARN_UNUSED_VARIABLE = YES;
				IPHONEOS_DEPLOYMENT_TARGET = 10.3;
				MTL_ENABLE_DEBUG_INFO = YES;
				ONLY_ACTIVE_ARCH = YES;
				SDKROOT = iphoneos;
				SWIFT_ACTIVE_COMPILATION_CONDITIONS = DEBUG;
				SWIFT_OPTIMIZATION_LEVEL = "-Onone";
			};
			name = Debug;
		};
		4BE17CE11EA2682300687541 /* Release */ = {
			isa = XCBuildConfiguration;
			buildSettings = {
				ALWAYS_SEARCH_USER_PATHS = NO;
				CLANG_ANALYZER_NONNULL = YES;
				CLANG_ANALYZER_NUMBER_OBJECT_CONVERSION = YES_AGGRESSIVE;
				CLANG_CXX_LANGUAGE_STANDARD = "gnu++0x";
				CLANG_CXX_LIBRARY = "libc++";
				CLANG_ENABLE_MODULES = YES;
				CLANG_ENABLE_OBJC_ARC = YES;
				CLANG_WARN_BOOL_CONVERSION = YES;
				CLANG_WARN_CONSTANT_CONVERSION = YES;
				CLANG_WARN_DIRECT_OBJC_ISA_USAGE = YES_ERROR;
				CLANG_WARN_DOCUMENTATION_COMMENTS = YES;
				CLANG_WARN_EMPTY_BODY = YES;
				CLANG_WARN_ENUM_CONVERSION = YES;
				CLANG_WARN_INFINITE_RECURSION = YES;
				CLANG_WARN_INT_CONVERSION = YES;
				CLANG_WARN_OBJC_ROOT_CLASS = YES_ERROR;
				CLANG_WARN_SUSPICIOUS_MOVE = YES;
				CLANG_WARN_UNREACHABLE_CODE = YES;
				CLANG_WARN__DUPLICATE_METHOD_MATCH = YES;
				"CODE_SIGN_IDENTITY[sdk=iphoneos*]" = "iPhone Developer";
				COPY_PHASE_STRIP = NO;
				DEBUG_INFORMATION_FORMAT = "dwarf-with-dsym";
				ENABLE_NS_ASSERTIONS = NO;
				ENABLE_STRICT_OBJC_MSGSEND = YES;
				GCC_C_LANGUAGE_STANDARD = gnu99;
				GCC_NO_COMMON_BLOCKS = YES;
				GCC_WARN_64_TO_32_BIT_CONVERSION = YES;
				GCC_WARN_ABOUT_RETURN_TYPE = YES_ERROR;
				GCC_WARN_UNDECLARED_SELECTOR = YES;
				GCC_WARN_UNINITIALIZED_AUTOS = YES_AGGRESSIVE;
				GCC_WARN_UNUSED_FUNCTION = YES;
				GCC_WARN_UNUSED_VARIABLE = YES;
				IPHONEOS_DEPLOYMENT_TARGET = 10.3;
				MTL_ENABLE_DEBUG_INFO = NO;
				SDKROOT = iphoneos;
				SWIFT_OPTIMIZATION_LEVEL = "-Owholemodule";
				VALIDATE_PRODUCT = YES;
			};
			name = Release;
		};
		4BE17CE31EA2682300687541 /* Debug */ = {
			isa = XCBuildConfiguration;
			buildSettings = {
				ASSETCATALOG_COMPILER_APPICON_NAME = AppIcon;
				DEVELOPMENT_TEAM = UKA4MA6CTU;
				INFOPLIST_FILE = GasolinaouAlcool/Info.plist;
				LD_RUNPATH_SEARCH_PATHS = "$(inherited) @executable_path/Frameworks";
				PRODUCT_BUNDLE_IDENTIFIER = com.gabrielrocha.GasolinaouAlcool;
				PRODUCT_NAME = "$(TARGET_NAME)";
				SWIFT_VERSION = 3.0;
			};
			name = Debug;
		};
		4BE17CE41EA2682300687541 /* Release */ = {
			isa = XCBuildConfiguration;
			buildSettings = {
				ASSETCATALOG_COMPILER_APPICON_NAME = AppIcon;
				DEVELOPMENT_TEAM = UKA4MA6CTU;
				INFOPLIST_FILE = GasolinaouAlcool/Info.plist;
				LD_RUNPATH_SEARCH_PATHS = "$(inherited) @executable_path/Frameworks";
				PRODUCT_BUNDLE_IDENTIFIER = com.gabrielrocha.GasolinaouAlcool;
				PRODUCT_NAME = "$(TARGET_NAME)";
				SWIFT_VERSION = 3.0;
			};
			name = Release;
		};
/* End XCBuildConfiguration section */

/* Begin XCConfigurationList section */
		4BE17CCB1EA2682300687541 /* Build configuration list for PBXProject "GasolinaouAlcool" */ = {
			isa = XCConfigurationList;
			buildConfigurations = (
				4BE17CE01EA2682300687541 /* Debug */,
				4BE17CE11EA2682300687541 /* Release */,
			);
			defaultConfigurationIsVisible = 0;
			defaultConfigurationName = Release;
		};
		4BE17CE21EA2682300687541 /* Build configuration list for PBXNativeTarget "GasolinaouAlcool" */ = {
			isa = XCConfigurationList;
			buildConfigurations = (
				4BE17CE31EA2682300687541 /* Debug */,
				4BE17CE41EA2682300687541 /* Release */,
			);
			defaultConfigurationIsVisible = 0;
		};
/* End XCConfigurationList section */
	};
	rootObject = 4BE17CC81EA2682200687541 /* Project object */;
}
